
Microsoft Visual Studio Solution File, Format Version 12.00
# Visual Studio Version 16
VisualStudioVersion = 16.0.29209.62
MinimumVisualStudioVersion = 10.0.40219.1
Project("{FAE04EC0-301F-11D3-BF4B-00C04F79EFBC}") = "Operadores_de_Atribuicao", "Operadores_de_Atribuicao\Operadores_de_Atribuicao.csproj", "{9E3A73E0-AE9C-456F-8332-2A0C92A2306C}"
EndProject
Global
	GlobalSection(SolutionConfigurationPlatforms) = preSolution
		Debug|Any CPU = Debug|Any CPU
		Release|Any CPU = Release|Any CPU
	EndGlobalSection
	GlobalSection(ProjectConfigurationPlatforms) = postSolution
		{9E3A73E0-AE9C-456F-8332-2A0C92A2306C}.Debug|Any CPU.ActiveCfg = Debug|Any CPU
		{9E3A73E0-AE9C-456F-8332-2A0C92A2306C}.Debug|Any CPU.Build.0 = Debug|Any CPU
		{9E3A73E0-AE9C-456F-8332-2A0C92A2306C}.Release|Any CPU.ActiveCfg = Release|Any CPU
		{9E3A73E0-AE9C-456F-8332-2A0C92A2306C}.Release|Any CPU.Build.0 = Release|Any CPU
	EndGlobalSection
	GlobalSection(SolutionProperties) = preSolution
		HideSolutionNode = FALSE
	EndGlobalSection
	GlobalSection(ExtensibilityGlobals) = postSolution
		SolutionGuid = {5761308E-3D18-4611-BB93-7F679B518E1C}
	EndGlobalSection
EndGlobal
